// !$*UTF8*$!
{
	archiveVersion = 1;
	classes = {
	};
	objectVersion = 55;
	objects = {

/* Begin PBXBuildFile section */
		D630D3052A9F7690002E66A7 /* MJRefresh+Rx.swift in Sources */ = {isa = PBXBuildFile; fileRef = D630D3042A9F7690002E66A7 /* MJRefresh+Rx.swift */; };
		D67F93952907802E000B0C3C /* XYZUIImage_PHPhotoLibrary+Rx.swift in Sources */ = {isa = PBXBuildFile; fileRef = D67F93942907802E000B0C3C /* XYZUIImage_PHPhotoLibrary+Rx.swift */; };
		D67F939929078CDC000B0C3C /* UIAlert+Rx.swift in Sources */ = {isa = PBXBuildFile; fileRef = D67F939829078CDC000B0C3C /* UIAlert+Rx.swift */; };
		D68AED6B28A0EAD5003AE5DA /* AppDelegate.swift in Sources */ = {isa = PBXBuildFile; fileRef = D68AED6A28A0EAD5003AE5DA /* AppDelegate.swift */; };
		D68AED6D28A0EAD5003AE5DA /* SceneDelegate.swift in Sources */ = {isa = PBXBuildFile; fileRef = D68AED6C28A0EAD5003AE5DA /* SceneDelegate.swift */; };
		D68AED6F28A0EAD5003AE5DA /* ViewController.swift in Sources */ = {isa = PBXBuildFile; fileRef = D68AED6E28A0EAD5003AE5DA /* ViewController.swift */; };
		D68AED7228A0EAD5003AE5DA /* Main.storyboard in Resources */ = {isa = PBXBuildFile; fileRef = D68AED7028A0EAD5003AE5DA /* Main.storyboard */; };
		D68AED7428A0EAD6003AE5DA /* Assets.xcassets in Resources */ = {isa = PBXBuildFile; fileRef = D68AED7328A0EAD6003AE5DA /* Assets.xcassets */; };
		D68AED7728A0EAD6003AE5DA /* LaunchScreen.storyboard in Resources */ = {isa = PBXBuildFile; fileRef = D68AED7528A0EAD6003AE5DA /* LaunchScreen.storyboard */; };
		D68AED8028A0EF92003AE5DA /* XYZRxExtension.swift in Sources */ = {isa = PBXBuildFile; fileRef = D68AED7F28A0EF92003AE5DA /* XYZRxExtension.swift */; };
		D68AED8228A0F253003AE5DA /* XYZView.swift in Sources */ = {isa = PBXBuildFile; fileRef = D68AED8128A0F252003AE5DA /* XYZView.swift */; };
		D68AED8428A0F2C3003AE5DA /* XYZ_RxUITextField.swift in Sources */ = {isa = PBXBuildFile; fileRef = D68AED8328A0F2C3003AE5DA /* XYZ_RxUITextField.swift */; };
		D68AED8628A0F347003AE5DA /* XYZ_RxGesture.swift in Sources */ = {isa = PBXBuildFile; fileRef = D68AED8528A0F347003AE5DA /* XYZ_RxGesture.swift */; };
		D6AD57E12CA2D3DB00F1B40A /* XYZImageCompressor.swift in Sources */ = {isa = PBXBuildFile; fileRef = D6AD57E02CA2D3DB00F1B40A /* XYZImageCompressor.swift */; };
		D6D9BA52290671A2003B3083 /* XYZUIImage_RxXYZ.swift in Sources */ = {isa = PBXBuildFile; fileRef = D6D9BA51290671A2003B3083 /* XYZUIImage_RxXYZ.swift */; };
		D6D9BA5429069D36003B3083 /* XYZ_RxFilter.swift in Sources */ = {isa = PBXBuildFile; fileRef = D6D9BA5329069D36003B3083 /* XYZ_RxFilter.swift */; };
		EA648D23C423A92B5D086B6C /* Pods_XYZRxTools.framework in Frameworks */ = {isa = PBXBuildFile; fileRef = 5F04F69D6FDEAB8095EA5A68 /* Pods_XYZRxTools.framework */; };
/* End PBXBuildFile section */

/* Begin PBXFileReference section */
		0FD48D83121C77F23F7F251E /* Pods-XYZRxTools.debug.xcconfig */ = {isa = PBXFileReference; includeInIndex = 1; lastKnownFileType = text.xcconfig; name = "Pods-XYZRxTools.debug.xcconfig"; path = "Target Support Files/Pods-XYZRxTools/Pods-XYZRxTools.debug.xcconfig"; sourceTree = "<group>"; };
		17C664DF73506DA81EBF77DF /* Pods-XYZRxTools.release.xcconfig */ = {isa = PBXFileReference; includeInIndex = 1; lastKnownFileType = text.xcconfig; name = "Pods-XYZRxTools.release.xcconfig"; path = "Target Support Files/Pods-XYZRxTools/Pods-XYZRxTools.release.xcconfig"; sourceTree = "<group>"; };
		5F04F69D6FDEAB8095EA5A68 /* Pods_XYZRxTools.framework */ = {isa = PBXFileReference; explicitFileType = wrapper.framework; includeInIndex = 0; path = Pods_XYZRxTools.framework; sourceTree = BUILT_PRODUCTS_DIR; };
		D630D3042A9F7690002E66A7 /* MJRefresh+Rx.swift */ = {isa = PBXFileReference; fileEncoding = 4; lastKnownFileType = sourcecode.swift; path = "MJRefresh+Rx.swift"; sourceTree = "<group>"; };
		D67F93942907802E000B0C3C /* XYZUIImage_PHPhotoLibrary+Rx.swift */ = {isa = PBXFileReference; lastKnownFileType = sourcecode.swift; path = "XYZUIImage_PHPhotoLibrary+Rx.swift"; sourceTree = "<group>"; };
		D67F939829078CDC000B0C3C /* UIAlert+Rx.swift */ = {isa = PBXFileReference; lastKnownFileType = sourcecode.swift; path = "UIAlert+Rx.swift"; sourceTree = "<group>"; };
		D68AED6728A0EAD5003AE5DA /* XYZRxTools.app */ = {isa = PBXFileReference; explicitFileType = wrapper.application; includeInIndex = 0; path = XYZRxTools.app; sourceTree = BUILT_PRODUCTS_DIR; };
		D68AED6A28A0EAD5003AE5DA /* AppDelegate.swift */ = {isa = PBXFileReference; lastKnownFileType = sourcecode.swift; path = AppDelegate.swift; sourceTree = "<group>"; };
		D68AED6C28A0EAD5003AE5DA /* SceneDelegate.swift */ = {isa = PBXFileReference; lastKnownFileType = sourcecode.swift; path = SceneDelegate.swift; sourceTree = "<group>"; };
		D68AED6E28A0EAD5003AE5DA /* ViewController.swift */ = {isa = PBXFileReference; lastKnownFileType = sourcecode.swift; path = ViewController.swift; sourceTree = "<group>"; };
		D68AED7128A0EAD5003AE5DA /* Base */ = {isa = PBXFileReference; lastKnownFileType = file.storyboard; name = Base; path = Base.lproj/Main.storyboard; sourceTree = "<group>"; };
		D68AED7328A0EAD6003AE5DA /* Assets.xcassets */ = {isa = PBXFileReference; lastKnownFileType = folder.assetcatalog; path = Assets.xcassets; sourceTree = "<group>"; };
		D68AED7628A0EAD6003AE5DA /* Base */ = {isa = PBXFileReference; lastKnownFileType = file.storyboard; name = Base; path = Base.lproj/LaunchScreen.storyboard; sourceTree = "<group>"; };
		D68AED7828A0EAD6003AE5DA /* Info.plist */ = {isa = PBXFileReference; lastKnownFileType = text.plist.xml; path = Info.plist; sourceTree = "<group>"; };
		D68AED7F28A0EF92003AE5DA /* XYZRxExtension.swift */ = {isa = PBXFileReference; lastKnownFileType = sourcecode.swift; path = XYZRxExtension.swift; sourceTree = "<group>"; };
		D68AED8128A0F252003AE5DA /* XYZView.swift */ = {isa = PBXFileReference; lastKnownFileType = sourcecode.swift; path = XYZView.swift; sourceTree = "<group>"; };
		D68AED8328A0F2C3003AE5DA /* XYZ_RxUITextField.swift */ = {isa = PBXFileReference; lastKnownFileType = sourcecode.swift; path = XYZ_RxUITextField.swift; sourceTree = "<group>"; };
		D68AED8528A0F347003AE5DA /* XYZ_RxGesture.swift */ = {isa = PBXFileReference; lastKnownFileType = sourcecode.swift; path = XYZ_RxGesture.swift; sourceTree = "<group>"; };
		D6AD57E02CA2D3DB00F1B40A /* XYZImageCompressor.swift */ = {isa = PBXFileReference; lastKnownFileType = sourcecode.swift; path = XYZImageCompressor.swift; sourceTree = "<group>"; };
		D6D9BA51290671A2003B3083 /* XYZUIImage_RxXYZ.swift */ = {isa = PBXFileReference; lastKnownFileType = sourcecode.swift; path = XYZUIImage_RxXYZ.swift; sourceTree = "<group>"; };
		D6D9BA5329069D36003B3083 /* XYZ_RxFilter.swift */ = {isa = PBXFileReference; lastKnownFileType = sourcecode.swift; path = XYZ_RxFilter.swift; sourceTree = "<group>"; };
/* End PBXFileReference section */

/* Begin PBXFrameworksBuildPhase section */
		D68AED6428A0EAD5003AE5DA /* Frameworks */ = {
			isa = PBXFrameworksBuildPhase;
			buildActionMask = 2147483647;
			files = (
				EA648D23C423A92B5D086B6C /* Pods_XYZRxTools.framework in Frameworks */,
			);
			runOnlyForDeploymentPostprocessing = 0;
		};
/* End PBXFrameworksBuildPhase section */

/* Begin PBXGroup section */
		1DC5F6EB90050B51310F272A /* Pods */ = {
			isa = PBXGroup;
			children = (
				0FD48D83121C77F23F7F251E /* Pods-XYZRxTools.debug.xcconfig */,
				17C664DF73506DA81EBF77DF /* Pods-XYZRxTools.release.xcconfig */,
			);
			path = Pods;
			sourceTree = "<group>";
		};
		75526B98F9209D5749655B2E /* Frameworks */ = {
			isa = PBXGroup;
			children = (
				5F04F69D6FDEAB8095EA5A68 /* Pods_XYZRxTools.framework */,
			);
			name = Frameworks;
			sourceTree = "<group>";
		};
		D68AED5E28A0EAD5003AE5DA = {
			isa = PBXGroup;
			children = (
				D68AED6928A0EAD5003AE5DA /* XYZRxTools */,
				D68AED6828A0EAD5003AE5DA /* Products */,
				1DC5F6EB90050B51310F272A /* Pods */,
				75526B98F9209D5749655B2E /* Frameworks */,
			);
			sourceTree = "<group>";
		};
		D68AED6828A0EAD5003AE5DA /* Products */ = {
			isa = PBXGroup;
			children = (
				D68AED6728A0EAD5003AE5DA /* XYZRxTools.app */,
			);
			name = Products;
			sourceTree = "<group>";
		};
		D68AED6928A0EAD5003AE5DA /* XYZRxTools */ = {
			isa = PBXGroup;
			children = (
				D68AED7E28A0EF68003AE5DA /* Source */,
				D68AED6A28A0EAD5003AE5DA /* AppDelegate.swift */,
				D68AED6C28A0EAD5003AE5DA /* SceneDelegate.swift */,
				D68AED6E28A0EAD5003AE5DA /* ViewController.swift */,
				D68AED7028A0EAD5003AE5DA /* Main.storyboard */,
				D68AED7328A0EAD6003AE5DA /* Assets.xcassets */,
				D68AED7528A0EAD6003AE5DA /* LaunchScreen.storyboard */,
				D68AED7828A0EAD6003AE5DA /* Info.plist */,
			);
			path = XYZRxTools;
			sourceTree = "<group>";
		};
		D68AED7E28A0EF68003AE5DA /* Source */ = {
			isa = PBXGroup;
			children = (
				D6AD57E02CA2D3DB00F1B40A /* XYZImageCompressor.swift */,
				D68AED7F28A0EF92003AE5DA /* XYZRxExtension.swift */,
				D68AED8128A0F252003AE5DA /* XYZView.swift */,
				D68AED8328A0F2C3003AE5DA /* XYZ_RxUITextField.swift */,
				D68AED8528A0F347003AE5DA /* XYZ_RxGesture.swift */,
				D6D9BA51290671A2003B3083 /* XYZUIImage_RxXYZ.swift */,
				D67F93942907802E000B0C3C /* XYZUIImage_PHPhotoLibrary+Rx.swift */,
				D6D9BA5329069D36003B3083 /* XYZ_RxFilter.swift */,
				D67F939829078CDC000B0C3C /* UIAlert+Rx.swift */,
				D630D3042A9F7690002E66A7 /* MJRefresh+Rx.swift */,
			);
			path = Source;
			sourceTree = "<group>";
		};
/* End PBXGroup section */

/* Begin PBXNativeTarget section */
		D68AED6628A0EAD5003AE5DA /* XYZRxTools */ = {
			isa = PBXNativeTarget;
			buildConfigurationList = D68AED7B28A0EAD6003AE5DA /* Build configuration list for PBXNativeTarget "XYZRxTools" */;
			buildPhases = (
				E5ED8D9A8CB4073D78F74350 /* [CP] Check Pods Manifest.lock */,
				D68AED6328A0EAD5003AE5DA /* Sources */,
				D68AED6428A0EAD5003AE5DA /* Frameworks */,
				D68AED6528A0EAD5003AE5DA /* Resources */,
				5D0775E085112F3D9C708A5E /* [CP] Embed Pods Frameworks */,
			);
			buildRules = (
			);
			dependencies = (
			);
			name = XYZRxTools;
			productName = XYZRxTools;
			productReference = D68AED6728A0EAD5003AE5DA /* XYZRxTools.app */;
			productType = "com.apple.product-type.application";
		};
/* End PBXNativeTarget section */

/* Begin PBXProject section */
		D68AED5F28A0EAD5003AE5DA /* Project object */ = {
			isa = PBXProject;
			attributes = {
				BuildIndependentTargetsInParallel = 1;
				LastSwiftUpdateCheck = 1340;
				LastUpgradeCheck = 1340;
				TargetAttributes = {
					D68AED6628A0EAD5003AE5DA = {
						CreatedOnToolsVersion = 13.4.1;
					};
				};
			};
			buildConfigurationList = D68AED6228A0EAD5003AE5DA /* Build configuration list for PBXProject "XYZRxTools" */;
			compatibilityVersion = "Xcode 13.0";
			developmentRegion = en;
			hasScannedForEncodings = 0;
			knownRegions = (
				en,
				Base,
			);
			mainGroup = D68AED5E28A0EAD5003AE5DA;
			productRefGroup = D68AED6828A0EAD5003AE5DA /* Products */;
			projectDirPath = "";
			projectRoot = "";
			targets = (
				D68AED6628A0EAD5003AE5DA /* XYZRxTools */,
			);
		};
/* End PBXProject section */

/* Begin PBXResourcesBuildPhase section */
		D68AED6528A0EAD5003AE5DA /* Resources */ = {
			isa = PBXResourcesBuildPhase;
			buildActionMask = 2147483647;
			files = (
				D68AED7728A0EAD6003AE5DA /* LaunchScreen.storyboard in Resources */,
				D68AED7428A0EAD6003AE5DA /* Assets.xcassets in Resources */,
				D68AED7228A0EAD5003AE5DA /* Main.storyboard in Resources */,
			);
			runOnlyForDeploymentPostprocessing = 0;
		};
/* End PBXResourcesBuildPhase section */

/* Begin PBXShellScriptBuildPhase section */
		5D0775E085112F3D9C708A5E /* [CP] Embed Pods Frameworks */ = {
			isa = PBXShellScriptBuildPhase;
			buildActionMask = 2147483647;
			files = (
			);
			inputFileListPaths = (
				"${PODS_ROOT}/Target Support Files/Pods-XYZRxTools/Pods-XYZRxTools-frameworks-${CONFIGURATION}-input-files.xcfilelist",
			);
			name = "[CP] Embed Pods Frameworks";
			outputFileListPaths = (
				"${PODS_ROOT}/Target Support Files/Pods-XYZRxTools/Pods-XYZRxTools-frameworks-${CONFIGURATION}-output-files.xcfilelist",
			);
			runOnlyForDeploymentPostprocessing = 0;
			shellPath = /bin/sh;
			shellScript = "\"${PODS_ROOT}/Target Support Files/Pods-XYZRxTools/Pods-XYZRxTools-frameworks.sh\"\n";
			showEnvVarsInLog = 0;
		};
		E5ED8D9A8CB4073D78F74350 /* [CP] Check Pods Manifest.lock */ = {
			isa = PBXShellScriptBuildPhase;
			buildActionMask = 2147483647;
			files = (
			);
			inputFileListPaths = (
			);
			inputPaths = (
				"${PODS_PODFILE_DIR_PATH}/Podfile.lock",
				"${PODS_ROOT}/Manifest.lock",
			);
			name = "[CP] Check Pods Manifest.lock";
			outputFileListPaths = (
			);
			outputPaths = (
				"$(DERIVED_FILE_DIR)/Pods-XYZRxTools-checkManifestLockResult.txt",
			);
			runOnlyForDeploymentPostprocessing = 0;
			shellPath = /bin/sh;
			shellScript = "diff \"${PODS_PODFILE_DIR_PATH}/Podfile.lock\" \"${PODS_ROOT}/Manifest.lock\" > /dev/null\nif [ $? != 0 ] ; then\n    # print error to STDERR\n    echo \"error: The sandbox is not in sync with the Podfile.lock. Run 'pod install' or update your CocoaPods installation.\" >&2\n    exit 1\nfi\n# This output is used by Xcode 'outputs' to avoid re-running this script phase.\necho \"SUCCESS\" > \"${SCRIPT_OUTPUT_FILE_0}\"\n";
			showEnvVarsInLog = 0;
		};
/* End PBXShellScriptBuildPhase section */

/* Begin PBXSourcesBuildPhase section */
		D68AED6328A0EAD5003AE5DA /* Sources */ = {
			isa = PBXSourcesBuildPhase;
			buildActionMask = 2147483647;
			files = (
				D67F93952907802E000B0C3C /* XYZUIImage_PHPhotoLibrary+Rx.swift in Sources */,
				D68AED6F28A0EAD5003AE5DA /* ViewController.swift in Sources */,
				D6D9BA5429069D36003B3083 /* XYZ_RxFilter.swift in Sources */,
				D6D9BA52290671A2003B3083 /* XYZUIImage_RxXYZ.swift in Sources */,
				D6AD57E12CA2D3DB00F1B40A /* XYZImageCompressor.swift in Sources */,
				D630D3052A9F7690002E66A7 /* MJRefresh+Rx.swift in Sources */,
				D68AED8228A0F253003AE5DA /* XYZView.swift in Sources */,
				D68AED6B28A0EAD5003AE5DA /* AppDelegate.swift in Sources */,
				D68AED8428A0F2C3003AE5DA /* XYZ_RxUITextField.swift in Sources */,
				D67F939929078CDC000B0C3C /* UIAlert+Rx.swift in Sources */,
				D68AED6D28A0EAD5003AE5DA /* SceneDelegate.swift in Sources */,
				D68AED8628A0F347003AE5DA /* XYZ_RxGesture.swift in Sources */,
				D68AED8028A0EF92003AE5DA /* XYZRxExtension.swift in Sources */,
			);
			runOnlyForDeploymentPostprocessing = 0;
		};
/* End PBXSourcesBuildPhase section */

/* Begin PBXVariantGroup section */
		D68AED7028A0EAD5003AE5DA /* Main.storyboard */ = {
			isa = PBXVariantGroup;
			children = (
				D68AED7128A0EAD5003AE5DA /* Base */,
			);
			name = Main.storyboard;
			sourceTree = "<group>";
		};
		D68AED7528A0EAD6003AE5DA /* LaunchScreen.storyboard */ = {
			isa = PBXVariantGroup;
			children = (
				D68AED7628A0EAD6003AE5DA /* Base */,
			);
			name = LaunchScreen.storyboard;
			sourceTree = "<group>";
		};
/* End PBXVariantGroup section */

/* Begin XCBuildConfiguration section */
		D68AED7928A0EAD6003AE5DA /* Debug */ = {
			isa = XCBuildConfiguration;
			buildSettings = {
				ALWAYS_SEARCH_USER_PATHS = NO;
				CLANG_ANALYZER_NONNULL = YES;
				CLANG_ANALYZER_NUMBER_OBJECT_CONVERSION = YES_AGGRESSIVE;
				CLANG_CXX_LANGUAGE_STANDARD = "gnu++17";
				CLANG_ENABLE_MODULES = YES;
				CLANG_ENABLE_OBJC_ARC = YES;
				CLANG_ENABLE_OBJC_WEAK = YES;
				CLANG_WARN_BLOCK_CAPTURE_AUTORELEASING = YES;
				CLANG_WARN_BOOL_CONVERSION = YES;
				CLANG_WARN_COMMA = YES;
				CLANG_WARN_CONSTANT_CONVERSION = YES;
				CLANG_WARN_DEPRECATED_OBJC_IMPLEMENTATIONS = YES;
				CLANG_WARN_DIRECT_OBJC_ISA_USAGE = YES_ERROR;
				CLANG_WARN_DOCUMENTATION_COMMENTS = YES;
				CLANG_WARN_EMPTY_BODY = YES;
				CLANG_WARN_ENUM_CONVERSION = YES;
				CLANG_WARN_INFINITE_RECURSION = YES;
				CLANG_WARN_INT_CONVERSION = YES;
				CLANG_WARN_NON_LITERAL_NULL_CONVERSION = YES;
				CLANG_WARN_OBJC_IMPLICIT_RETAIN_SELF = YES;
				CLANG_WARN_OBJC_LITERAL_CONVERSION = YES;
				CLANG_WARN_OBJC_ROOT_CLASS = YES_ERROR;
				CLANG_WARN_QUOTED_INCLUDE_IN_FRAMEWORK_HEADER = YES;
				CLANG_WARN_RANGE_LOOP_ANALYSIS = YES;
				CLANG_WARN_STRICT_PROTOTYPES = YES;
				CLANG_WARN_SUSPICIOUS_MOVE = YES;
				CLANG_WARN_UNGUARDED_AVAILABILITY = YES_AGGRESSIVE;
				CLANG_WARN_UNREACHABLE_CODE = YES;
				CLANG_WARN__DUPLICATE_METHOD_MATCH = YES;
				COPY_PHASE_STRIP = NO;
				DEBUG_INFORMATION_FORMAT = dwarf;
				ENABLE_STRICT_OBJC_MSGSEND = YES;
				ENABLE_TESTABILITY = YES;
				GCC_C_LANGUAGE_STANDARD = gnu11;
				GCC_DYNAMIC_NO_PIC = NO;
				GCC_NO_COMMON_BLOCKS = YES;
				GCC_OPTIMIZATION_LEVEL = 0;
				GCC_PREPROCESSOR_DEFINITIONS = (
					"DEBUG=1",
					"$(inherited)",
				);
				GCC_WARN_64_TO_32_BIT_CONVERSION = YES;
				GCC_WARN_ABOUT_RETURN_TYPE = YES_ERROR;
				GCC_WARN_UNDECLARED_SELECTOR = YES;
				GCC_WARN_UNINITIALIZED_AUTOS = YES_AGGRESSIVE;
				GCC_WARN_UNUSED_FUNCTION = YES;
				GCC_WARN_UNUSED_VARIABLE = YES;
				IPHONEOS_DEPLOYMENT_TARGET = 15.5;
				MTL_ENABLE_DEBUG_INFO = INCLUDE_SOURCE;
				MTL_FAST_MATH = YES;
				ONLY_ACTIVE_ARCH = YES;
				SDKROOT = iphoneos;
				SWIFT_ACTIVE_COMPILATION_CONDITIONS = DEBUG;
				SWIFT_OPTIMIZATION_LEVEL = "-Onone";
			};
			name = Debug;
		};
		D68AED7A28A0EAD6003AE5DA /* Release */ = {
			isa = XCBuildConfiguration;
			buildSettings = {
				ALWAYS_SEARCH_USER_PATHS = NO;
				CLANG_ANALYZER_NONNULL = YES;
				CLANG_ANALYZER_NUMBER_OBJECT_CONVERSION = YES_AGGRESSIVE;
				CLANG_CXX_LANGUAGE_STANDARD = "gnu++17";
				CLANG_ENABLE_MODULES = YES;
				CLANG_ENABLE_OBJC_ARC = YES;
				CLANG_ENABLE_OBJC_WEAK = YES;
				CLANG_WARN_BLOCK_CAPTURE_AUTORELEASING = YES;
				CLANG_WARN_BOOL_CONVERSION = YES;
				CLANG_WARN_COMMA = YES;
				CLANG_WARN_CONSTANT_CONVERSION = YES;
				CLANG_WARN_DEPRECATED_OBJC_IMPLEMENTATIONS = YES;
				CLANG_WARN_DIRECT_OBJC_ISA_USAGE = YES_ERROR;
				CLANG_WARN_DOCUMENTATION_COMMENTS = YES;
				CLANG_WARN_EMPTY_BODY = YES;
				CLANG_WARN_ENUM_CONVERSION = YES;
				CLANG_WARN_INFINITE_RECURSION = YES;
				CLANG_WARN_INT_CONVERSION = YES;
				CLANG_WARN_NON_LITERAL_NULL_CONVERSION = YES;
				CLANG_WARN_OBJC_IMPLICIT_RETAIN_SELF = YES;
				CLANG_WARN_OBJC_LITERAL_CONVERSION = YES;
				CLANG_WARN_OBJC_ROOT_CLASS = YES_ERROR;
				CLANG_WARN_QUOTED_INCLUDE_IN_FRAMEWORK_HEADER = YES;
				CLANG_WARN_RANGE_LOOP_ANALYSIS = YES;
				CLANG_WARN_STRICT_PROTOTYPES = YES;
				CLANG_WARN_SUSPICIOUS_MOVE = YES;
				CLANG_WARN_UNGUARDED_AVAILABILITY = YES_AGGRESSIVE;
				CLANG_WARN_UNREACHABLE_CODE = YES;
				CLANG_WARN__DUPLICATE_METHOD_MATCH = YES;
				COPY_PHASE_STRIP = NO;
				DEBUG_INFORMATION_FORMAT = "dwarf-with-dsym";
				ENABLE_NS_ASSERTIONS = NO;
				ENABLE_STRICT_OBJC_MSGSEND = YES;
				GCC_C_LANGUAGE_STANDARD = gnu11;
				GCC_NO_COMMON_BLOCKS = YES;
				GCC_WARN_64_TO_32_BIT_CONVERSION = YES;
				GCC_WARN_ABOUT_RETURN_TYPE = YES_ERROR;
				GCC_WARN_UNDECLARED_SELECTOR = YES;
				GCC_WARN_UNINITIALIZED_AUTOS = YES_AGGRESSIVE;
				GCC_WARN_UNUSED_FUNCTION = YES;
				GCC_WARN_UNUSED_VARIABLE = YES;
				IPHONEOS_DEPLOYMENT_TARGET = 15.5;
				MTL_ENABLE_DEBUG_INFO = NO;
				MTL_FAST_MATH = YES;
				SDKROOT = iphoneos;
				SWIFT_COMPILATION_MODE = wholemodule;
				SWIFT_OPTIMIZATION_LEVEL = "-O";
				VALIDATE_PRODUCT = YES;
			};
			name = Release;
		};
		D68AED7C28A0EAD6003AE5DA /* Debug */ = {
			isa = XCBuildConfiguration;
			baseConfigurationReference = 0FD48D83121C77F23F7F251E /* Pods-XYZRxTools.debug.xcconfig */;
			buildSettings = {
				ASSETCATALOG_COMPILER_APPICON_NAME = AppIcon;
				ASSETCATALOG_COMPILER_GLOBAL_ACCENT_COLOR_NAME = AccentColor;
				CODE_SIGN_STYLE = Automatic;
				CURRENT_PROJECT_VERSION = 1;
				DEVELOPMENT_TEAM = 9GZYHL8TWB;
				GENERATE_INFOPLIST_FILE = YES;
				INFOPLIST_FILE = XYZRxTools/Info.plist;
				INFOPLIST_KEY_UIApplicationSupportsIndirectInputEvents = YES;
				INFOPLIST_KEY_UILaunchStoryboardName = LaunchScreen;
				INFOPLIST_KEY_UIMainStoryboardFile = Main;
				INFOPLIST_KEY_UISupportedInterfaceOrientations_iPad = "UIInterfaceOrientationPortrait UIInterfaceOrientationPortraitUpsideDown UIInterfaceOrientationLandscapeLeft UIInterfaceOrientationLandscapeRight";
				INFOPLIST_KEY_UISupportedInterfaceOrientations_iPhone = "UIInterfaceOrientationPortrait UIInterfaceOrientationLandscapeLeft UIInterfaceOrientationLandscapeRight";
				IPHONEOS_DEPLOYMENT_TARGET = 14.0;
				LD_RUNPATH_SEARCH_PATHS = (
					"$(inherited)",
					"@executable_path/Frameworks",
				);
				MARKETING_VERSION = 1.0;
				PRODUCT_BUNDLE_IDENTIFIER = com.xyztech.XYZRxTools;
				PRODUCT_NAME = "$(TARGET_NAME)";
				SWIFT_EMIT_LOC_STRINGS = YES;
				SWIFT_VERSION = 5.0;
				TARGETED_DEVICE_FAMILY = "1,2";
			};
			name = Debug;
		};
		D68AED7D28A0EAD6003AE5DA /* Release */ = {
			isa = XCBuildConfiguration;
			baseConfigurationReference = 17C664DF73506DA81EBF77DF /* Pods-XYZRxTools.release.xcconfig */;
			buildSettings = {
				ASSETCATALOG_COMPILER_APPICON_NAME = AppIcon;
				ASSETCATALOG_COMPILER_GLOBAL_ACCENT_COLOR_NAME = AccentColor;
				CODE_SIGN_STYLE = Automatic;
				CURRENT_PROJECT_VERSION = 1;
				DEVELOPMENT_TEAM = 9GZYHL8TWB;
				GENERATE_INFOPLIST_FILE = YES;
				INFOPLIST_FILE = XYZRxTools/Info.plist;
				INFOPLIST_KEY_UIApplicationSupportsIndirectInputEvents = YES;
				INFOPLIST_KEY_UILaunchStoryboardName = LaunchScreen;
				INFOPLIST_KEY_UIMainStoryboardFile = Main;
				INFOPLIST_KEY_UISupportedInterfaceOrientations_iPad = "UIInterfaceOrientationPortrait UIInterfaceOrientationPortraitUpsideDown UIInterfaceOrientationLandscapeLeft UIInterfaceOrientationLandscapeRight";
				INFOPLIST_KEY_UISupportedInterfaceOrientations_iPhone = "UIInterfaceOrientationPortrait UIInterfaceOrientationLandscapeLeft UIInterfaceOrientationLandscapeRight";
				IPHONEOS_DEPLOYMENT_TARGET = 14.0;
				LD_RUNPATH_SEARCH_PATHS = (
					"$(inherited)",
					"@executable_path/Frameworks",
				);
				MARKETING_VERSION = 1.0;
				PRODUCT_BUNDLE_IDENTIFIER = com.xyztech.XYZRxTools;
				PRODUCT_NAME = "$(TARGET_NAME)";
				SWIFT_EMIT_LOC_STRINGS = YES;
				SWIFT_VERSION = 5.0;
				TARGETED_DEVICE_FAMILY = "1,2";
			};
			name = Release;
		};
/* End XCBuildConfiguration section */

/* Begin XCConfigurationList section */
		D68AED6228A0EAD5003AE5DA /* Build configuration list for PBXProject "XYZRxTools" */ = {
			isa = XCConfigurationList;
			buildConfigurations = (
				D68AED7928A0EAD6003AE5DA /* Debug */,
				D68AED7A28A0EAD6003AE5DA /* Release */,
			);
			defaultConfigurationIsVisible = 0;
			defaultConfigurationName = Release;
		};
		D68AED7B28A0EAD6003AE5DA /* Build configuration list for PBXNativeTarget "XYZRxTools" */ = {
			isa = XCConfigurationList;
			buildConfigurations = (
				D68AED7C28A0EAD6003AE5DA /* Debug */,
				D68AED7D28A0EAD6003AE5DA /* Release */,
			);
			defaultConfigurationIsVisible = 0;
			defaultConfigurationName = Release;
		};
/* End XCConfigurationList section */
	};
	rootObject = D68AED5F28A0EAD5003AE5DA /* Project object */;
}
